
Microsoft Visual Studio Solution File, Format Version 12.00
# Visual Studio Version 16
VisualStudioVersion = 16.0.30309.148
MinimumVisualStudioVersion = 10.0.40219.1
Project("{FAE04EC0-301F-11D3-BF4B-00C04F79EFBC}") = "IASFDCI", "IASFDCI.csproj", "{E57DD7C4-67D6-47F3-9549-A670CF3A546A}"
EndProject
Global
	GlobalSection(SolutionConfigurationPlatforms) = preSolution
		Debug|Any CPU = Debug|Any CPU
		Release|Any CPU = Release|Any CPU
	EndGlobalSection
	GlobalSection(ProjectConfigurationPlatforms) = postSolution
		{E57DD7C4-67D6-47F3-9549-A670CF3A546A}.Debug|Any CPU.ActiveCfg = Debug|Any CPU
		{E57DD7C4-67D6-47F3-9549-A670CF3A546A}.Debug|Any CPU.Build.0 = Debug|Any CPU
		{E57DD7C4-67D6-47F3-9549-A670CF3A546A}.Release|Any CPU.ActiveCfg = Release|Any CPU
		{E57DD7C4-67D6-47F3-9549-A670CF3A546A}.Release|Any CPU.Build.0 = Release|Any CPU
	EndGlobalSection
	GlobalSection(SolutionProperties) = preSolution
		HideSolutionNode = FALSE
	EndGlobalSection
	GlobalSection(ExtensibilityGlobals) = postSolution
		SolutionGuid = {DCF42BD4-707D-40D1-B09D-56981412B6EA}
	EndGlobalSection
EndGlobal
